
Microsoft Visual Studio Solution File, Format Version 12.00
# Visual Studio Version 17
VisualStudioVersion = 17.6.33617.297
MinimumVisualStudioVersion = 10.0.40219.1
Project("{9A19103F-16F7-4668-BE54-9A1E7A4F7556}") = "AbpMicroservice.Blazor", "src\AbpMicroservice.Blazor\AbpMicroservice.Blazor.csproj", "{ABAF81F8-575C-48A0-BA9F-69DFBB73AF99}"
EndProject
Global
	GlobalSection(SolutionConfigurationPlatforms) = preSolution
		Debug|Any CPU = Debug|Any CPU
		Release|Any CPU = Release|Any CPU
	EndGlobalSection
	GlobalSection(ProjectConfigurationPlatforms) = postSolution
		{ABAF81F8-575C-48A0-BA9F-69DFBB73AF99}.Debug|Any CPU.ActiveCfg = Debug|Any CPU
		{ABAF81F8-575C-48A0-BA9F-69DFBB73AF99}.Debug|Any CPU.Build.0 = Debug|Any CPU
		{ABAF81F8-575C-48A0-BA9F-69DFBB73AF99}.Release|Any CPU.ActiveCfg = Release|Any CPU
		{ABAF81F8-575C-48A0-BA9F-69DFBB73AF99}.Release|Any CPU.Build.0 = Release|Any CPU
	EndGlobalSection
	GlobalSection(SolutionProperties) = preSolution
		HideSolutionNode = FALSE
	EndGlobalSection
	GlobalSection(ExtensibilityGlobals) = postSolution
		SolutionGuid = {DE20E604-F807-41A0-9FAF-3A4D5ED203F2}
	EndGlobalSection
EndGlobal
